
Microsoft Visual Studio Solution File, Format Version 12.00
# Visual Studio 15
VisualStudioVersion = 15.0.27703.2042
MinimumVisualStudioVersion = 10.0.40219.1
Project("{FAE04EC0-301F-11D3-BF4B-00C04F79EFBC}") = "Min_Max_Sum", "Min_Max_Sum\Min_Max_Sum.csproj", "{B7FCE23E-281B-4176-996E-9686EDB0A726}"
EndProject
Global
	GlobalSection(SolutionConfigurationPlatforms) = preSolution
		Debug|Any CPU = Debug|Any CPU
		Release|Any CPU = Release|Any CPU
	EndGlobalSection
	GlobalSection(ProjectConfigurationPlatforms) = postSolution
		{B7FCE23E-281B-4176-996E-9686EDB0A726}.Debug|Any CPU.ActiveCfg = Debug|Any CPU
		{B7FCE23E-281B-4176-996E-9686EDB0A726}.Debug|Any CPU.Build.0 = Debug|Any CPU
		{B7FCE23E-281B-4176-996E-9686EDB0A726}.Release|Any CPU.ActiveCfg = Release|Any CPU
		{B7FCE23E-281B-4176-996E-9686EDB0A726}.Release|Any CPU.Build.0 = Release|Any CPU
	EndGlobalSection
	GlobalSection(SolutionProperties) = preSolution
		HideSolutionNode = FALSE
	EndGlobalSection
	GlobalSection(ExtensibilityGlobals) = postSolution
		SolutionGuid = {657EA2E3-3263-40F6-9585-09748BD4B4F4}
	EndGlobalSection
EndGlobal
